
Microsoft Visual Studio Solution File, Format Version 12.00
Project("{FAE04EC0-301F-11D3-BF4B-00C04F79EFBC}") = "DataGenetator", "DataGenetator\DataGenetator.csproj", "{ABCCD960-95E5-4793-9DBC-BBC9506C3186}"
EndProject
Project("{FAE04EC0-301F-11D3-BF4B-00C04F79EFBC}") = "FileStreamDemo", "FileStreamDemo\FileStreamDemo.csproj", "{2A38DF54-A29A-4F6F-B028-2F7E839DDE01}"
EndProject
Project("{FAE04EC0-301F-11D3-BF4B-00C04F79EFBC}") = "FileStreamDemo.Data", "FileStreamDemo.Data\FileStreamDemo.Data.csproj", "{17F14B45-CEC2-4A21-90F0-BD8CEFBD0B97}"
EndProject
Project("{FAE04EC0-301F-11D3-BF4B-00C04F79EFBC}") = "CustomerDemo", "CustomerDemo\CustomerDemo.csproj", "{B3CA9F90-0B29-4902-8067-BF98494D1B9C}"
EndProject
Project("{FAE04EC0-301F-11D3-BF4B-00C04F79EFBC}") = "CustomerDemo.SourceGenerator", "CustomerDemo.SourceGenerator\CustomerDemo.SourceGenerator.csproj", "{5963D300-E3F0-400B-A63D-5645193256A1}"
EndProject
Project("{FAE04EC0-301F-11D3-BF4B-00C04F79EFBC}") = "Utility", "Utility\Utility.csproj", "{0EA334ED-F4E3-47EA-A1E2-DF0C347F66C1}"
EndProject
Project("{FAE04EC0-301F-11D3-BF4B-00C04F79EFBC}") = "UserManagementApi", "UserManagementApi\UserManagementApi.csproj", "{58DD1920-48CB-4B4A-8A30-189829BD8E40}"
EndProject
Project("{FAE04EC0-301F-11D3-BF4B-00C04F79EFBC}") = "LegalAnalysisAPI", "LegalAnalysisAPI\LegalAnalysisAPI.csproj", "{116A6517-F37D-4150-B36A-3FD547C5D6BB}"
EndProject
Project("{FAE04EC0-301F-11D3-BF4B-00C04F79EFBC}") = "VoiceEssay", "VoiceEssay\VoiceEssay.csproj", "{713ED28D-FE23-4595-8DCC-18F6D74830F5}"
EndProject
Global
	GlobalSection(SolutionConfigurationPlatforms) = preSolution
		Debug|Any CPU = Debug|Any CPU
		Release|Any CPU = Release|Any CPU
	EndGlobalSection
	GlobalSection(ProjectConfigurationPlatforms) = postSolution
		{ABCCD960-95E5-4793-9DBC-BBC9506C3186}.Debug|Any CPU.ActiveCfg = Debug|Any CPU
		{ABCCD960-95E5-4793-9DBC-BBC9506C3186}.Debug|Any CPU.Build.0 = Debug|Any CPU
		{ABCCD960-95E5-4793-9DBC-BBC9506C3186}.Release|Any CPU.ActiveCfg = Release|Any CPU
		{ABCCD960-95E5-4793-9DBC-BBC9506C3186}.Release|Any CPU.Build.0 = Release|Any CPU
		{2A38DF54-A29A-4F6F-B028-2F7E839DDE01}.Debug|Any CPU.ActiveCfg = Debug|Any CPU
		{2A38DF54-A29A-4F6F-B028-2F7E839DDE01}.Debug|Any CPU.Build.0 = Debug|Any CPU
		{2A38DF54-A29A-4F6F-B028-2F7E839DDE01}.Release|Any CPU.ActiveCfg = Release|Any CPU
		{2A38DF54-A29A-4F6F-B028-2F7E839DDE01}.Release|Any CPU.Build.0 = Release|Any CPU
		{17F14B45-CEC2-4A21-90F0-BD8CEFBD0B97}.Debug|Any CPU.ActiveCfg = Debug|Any CPU
		{17F14B45-CEC2-4A21-90F0-BD8CEFBD0B97}.Debug|Any CPU.Build.0 = Debug|Any CPU
		{17F14B45-CEC2-4A21-90F0-BD8CEFBD0B97}.Release|Any CPU.ActiveCfg = Release|Any CPU
		{17F14B45-CEC2-4A21-90F0-BD8CEFBD0B97}.Release|Any CPU.Build.0 = Release|Any CPU
		{B3CA9F90-0B29-4902-8067-BF98494D1B9C}.Debug|Any CPU.ActiveCfg = Debug|Any CPU
		{B3CA9F90-0B29-4902-8067-BF98494D1B9C}.Debug|Any CPU.Build.0 = Debug|Any CPU
		{B3CA9F90-0B29-4902-8067-BF98494D1B9C}.Release|Any CPU.ActiveCfg = Release|Any CPU
		{B3CA9F90-0B29-4902-8067-BF98494D1B9C}.Release|Any CPU.Build.0 = Release|Any CPU
		{5963D300-E3F0-400B-A63D-5645193256A1}.Debug|Any CPU.ActiveCfg = Debug|Any CPU
		{5963D300-E3F0-400B-A63D-5645193256A1}.Debug|Any CPU.Build.0 = Debug|Any CPU
		{5963D300-E3F0-400B-A63D-5645193256A1}.Release|Any CPU.ActiveCfg = Release|Any CPU
		{5963D300-E3F0-400B-A63D-5645193256A1}.Release|Any CPU.Build.0 = Release|Any CPU
		{0EA334ED-F4E3-47EA-A1E2-DF0C347F66C1}.Debug|Any CPU.ActiveCfg = Debug|Any CPU
		{0EA334ED-F4E3-47EA-A1E2-DF0C347F66C1}.Debug|Any CPU.Build.0 = Debug|Any CPU
		{0EA334ED-F4E3-47EA-A1E2-DF0C347F66C1}.Release|Any CPU.ActiveCfg = Release|Any CPU
		{0EA334ED-F4E3-47EA-A1E2-DF0C347F66C1}.Release|Any CPU.Build.0 = Release|Any CPU
		{58DD1920-48CB-4B4A-8A30-189829BD8E40}.Debug|Any CPU.ActiveCfg = Debug|Any CPU
		{58DD1920-48CB-4B4A-8A30-189829BD8E40}.Debug|Any CPU.Build.0 = Debug|Any CPU
		{58DD1920-48CB-4B4A-8A30-189829BD8E40}.Release|Any CPU.ActiveCfg = Release|Any CPU
		{58DD1920-48CB-4B4A-8A30-189829BD8E40}.Release|Any CPU.Build.0 = Release|Any CPU
		{116A6517-F37D-4150-B36A-3FD547C5D6BB}.Debug|Any CPU.ActiveCfg = Debug|Any CPU
		{116A6517-F37D-4150-B36A-3FD547C5D6BB}.Debug|Any CPU.Build.0 = Debug|Any CPU
		{116A6517-F37D-4150-B36A-3FD547C5D6BB}.Release|Any CPU.ActiveCfg = Release|Any CPU
		{116A6517-F37D-4150-B36A-3FD547C5D6BB}.Release|Any CPU.Build.0 = Release|Any CPU
		{713ED28D-FE23-4595-8DCC-18F6D74830F5}.Debug|Any CPU.ActiveCfg = Debug|Any CPU
		{713ED28D-FE23-4595-8DCC-18F6D74830F5}.Debug|Any CPU.Build.0 = Debug|Any CPU
		{713ED28D-FE23-4595-8DCC-18F6D74830F5}.Release|Any CPU.ActiveCfg = Release|Any CPU
		{713ED28D-FE23-4595-8DCC-18F6D74830F5}.Release|Any CPU.Build.0 = Release|Any CPU
	EndGlobalSection
EndGlobal
